// !$*UTF8*$!
{
	archiveVersion = 1;
	classes = {
	};
	objectVersion = 56;
	objects = {

/* Begin PBXBuildFile section */
		045D00A9BBC54C5506E3136F /* RawMultipeerDiagnostic.swift in Sources */ = {isa = PBXBuildFile; fileRef = F2065FD7029B01B37C60D033 /* RawMultipeerDiagnostic.swift */; };
		04B39035907A2A0F5B4692A2 /* ConnectionManagerTests.swift in Sources */ = {isa = PBXBuildFile; fileRef = 29645E441433F63E92FAE565 /* ConnectionManagerTests.swift */; };
		14C222606254B7E3B06CE06C /* DiscoveryTokenWrapper.swift in Sources */ = {isa = PBXBuildFile; fileRef = 59E38C4F0E1737C09DBE87C1 /* DiscoveryTokenWrapper.swift */; };
		3D4B28371B3B73CD4BB1F1B3 /* TrackerDevice.swift in Sources */ = {isa = PBXBuildFile; fileRef = CA37743BC9774058BEF273F0 /* TrackerDevice.swift */; };
		42B76B3270129794D129A31E /* TrackingView.swift in Sources */ = {isa = PBXBuildFile; fileRef = 1171D77DA3E0DED33FE0A2F6 /* TrackingView.swift */; };
		5C1D4036A1A906BAB604258A /* UWBManager.swift in Sources */ = {isa = PBXBuildFile; fileRef = 0F6526C0A9AD158D22944812 /* UWBManager.swift */; };
		62DA4E4FDF25BD0D02FD5C70 /* RawMCTestView.swift in Sources */ = {isa = PBXBuildFile; fileRef = 96E5C2F3E65B4D6AEEC79F15 /* RawMCTestView.swift */; };
		6987DD866EB806D4F71A095F /* TrackerApp.swift in Sources */ = {isa = PBXBuildFile; fileRef = 007ACF35B52B1DAF1B483383 /* TrackerApp.swift */; };
		782ADFAAA9875E62B74F803E /* UWBManagerTests.swift in Sources */ = {isa = PBXBuildFile; fileRef = E93860EA18C14D02A6C521D7 /* UWBManagerTests.swift */; };
		95CE62A17F3E4B033C6EDD36 /* ConnectionManager.swift in Sources */ = {isa = PBXBuildFile; fileRef = E77342EA6EB0C97666B424D1 /* ConnectionManager.swift */; };
		9A0C4D1853B43EC7689E732E /* DeviceIdentity.swift in Sources */ = {isa = PBXBuildFile; fileRef = 31D552D97F4753A3F96F5770 /* DeviceIdentity.swift */; };
		D0EA24DF386489380DA0DA13 /* Payload.swift in Sources */ = {isa = PBXBuildFile; fileRef = 6A621D5CCFDB77CF560E1F50 /* Payload.swift */; };
		E27E7E00BA768615DE9E5492 /* MainView.swift in Sources */ = {isa = PBXBuildFile; fileRef = 4745D3EC46ABBA157BF1C69C /* MainView.swift */; };
		E67B7BA296F6696107B2E4C3 /* ConnectionManagerPayloadTests.swift in Sources */ = {isa = PBXBuildFile; fileRef = BCE42FB2DB90E207E24B73CC /* ConnectionManagerPayloadTests.swift */; };
		EECF4A48C6BCC04184731523 /* ConnectionManaging.swift in Sources */ = {isa = PBXBuildFile; fileRef = 85D8714AA8208BDFF8E76F7D /* ConnectionManaging.swift */; };
		BFA2026567664E9B773989E2 /* UWBManaging.swift in Sources */ = {isa = PBXBuildFile; fileRef = F9D6B0D3E1D3BE3418C1E26F /* UWBManaging.swift */; };
		4CF1EDB1924A77191CB93BA3 /* EnvironmentValues+Managers.swift in Sources */ = {isa = PBXBuildFile; fileRef = FD5A1D50367633A63605ECD8 /* EnvironmentValues+Managers.swift */; };
		0E3F16CE0D9FC2EDD09615DA /* ARPositionTracking.swift in Sources */ = {isa = PBXBuildFile; fileRef = 122486DBAB88ED59DE4A0829 /* ARPositionTracking.swift */; };
		8DB7A5F2877ACC17A4F87514 /* ARPositionTracker.swift in Sources */ = {isa = PBXBuildFile; fileRef = 3B3EFE2E6949FDBA478FBDD1 /* ARPositionTracker.swift */; };
		D73EF119E2EA6B08E72615D4 /* ARAnchorCaptureView.swift in Sources */ = {isa = PBXBuildFile; fileRef = 2079EB22957462DC6A3E3F25 /* ARAnchorCaptureView.swift */; };
		5C14A5BA2E49B77C0FAA6926 /* PositioningPreviewFakes.swift in Sources */ = {isa = PBXBuildFile; fileRef = FCDFDB3F7D214ACC4B101DDC /* PositioningPreviewFakes.swift */; };
		391106C8666F15394052AC69 /* SavedLocation.swift in Sources */ = {isa = PBXBuildFile; fileRef = 4DEDFB5BDC4430BECF9BFC41 /* SavedLocation.swift */; };
		9FEF663F96FB0C326C07065C /* SavedLocationStore.swift in Sources */ = {isa = PBXBuildFile; fileRef = F14B29308C4CBD4720D76EEC /* SavedLocationStore.swift */; };
		2849F5ECE631236BBAD84856 /* NavigateToLocationView.swift in Sources */ = {isa = PBXBuildFile; fileRef = 5326BC2A5756FCFBA7532F2E /* NavigateToLocationView.swift */; };
		C2B55453D4F86C629529F51E /* BeaconID.swift in Sources */ = {isa = PBXBuildFile; fileRef = EE947435DB967D7A19A6062E /* BeaconID.swift */; };
		F00798947673B6B10B9257B0 /* PathLossModel.swift in Sources */ = {isa = PBXBuildFile; fileRef = DDA1B22DA45AF2B72C45EEEF /* PathLossModel.swift */; };
		BD4E3D742DB90E965CA24CB6 /* Point2D.swift in Sources */ = {isa = PBXBuildFile; fileRef = 1045D8F6BB1EE6A27F5ECB6D /* Point2D.swift */; };
		466504E914688919D59FF79A /* Anchor.swift in Sources */ = {isa = PBXBuildFile; fileRef = C222CDD60C63F5528CD5999D /* Anchor.swift */; };
		483F9B1D6BCBB715C663493F /* Multilateration.swift in Sources */ = {isa = PBXBuildFile; fileRef = 090F8A62C92128CAA3092C81 /* Multilateration.swift */; };
		805E4EE5F93590FBA4A2E0E7 /* BeaconSighting.swift in Sources */ = {isa = PBXBuildFile; fileRef = E10DEF21ACE2311185263682 /* BeaconSighting.swift */; };
		CC616D04F7CA16E5FCF204D5 /* BeaconProtocol.swift in Sources */ = {isa = PBXBuildFile; fileRef = B135F9581691E1163D4A88F4 /* BeaconProtocol.swift */; };
		1483957E7DFE5989388F31FC /* PositioningTests.swift in Sources */ = {isa = PBXBuildFile; fileRef = ED3DE53F020F6CD8150D6B37 /* PositioningTests.swift */; };
		0732298A7528F79FF702A2A7 /* BeaconIDTests.swift in Sources */ = {isa = PBXBuildFile; fileRef = 0C83E489EA7DEACFEED2123B /* BeaconIDTests.swift */; };
		35478507556AAFD3BFAD0594 /* BeaconAdvertising.swift in Sources */ = {isa = PBXBuildFile; fileRef = 2929275DA4EAFAAD2A3F74FE /* BeaconAdvertising.swift */; };
		68AC6F72871FAA74F599010E /* BeaconAdvertiser.swift in Sources */ = {isa = PBXBuildFile; fileRef = 40EC633C4FFBC5ECFFF455EC /* BeaconAdvertiser.swift */; };
		0592133BD9F543E105224D9A /* BeaconScanning.swift in Sources */ = {isa = PBXBuildFile; fileRef = B8E740EFEB6C510CB564D305 /* BeaconScanning.swift */; };
		55EF7BD176FD2CA3F1B1AA08 /* BeaconScanner.swift in Sources */ = {isa = PBXBuildFile; fileRef = 73210D805147A7EFD959BA63 /* BeaconScanner.swift */; };
		F662DD02D49D978D56891744 /* AnchorStore.swift in Sources */ = {isa = PBXBuildFile; fileRef = 1FD3CDEB0B5A211FF656A37F /* AnchorStore.swift */; };
		59F620F3D6256160983BCF86 /* PositioningEngine.swift in Sources */ = {isa = PBXBuildFile; fileRef = 0BFCCF757915E07BEC77C5E5 /* PositioningEngine.swift */; };
		775E98163F33433EE7BB2D83 /* PositioningReporting.swift in Sources */ = {isa = PBXBuildFile; fileRef = 57DA62D3129370861CA9F021 /* PositioningReporting.swift */; };
		8AB635B98CC4D2FA42543424 /* PositioningAPIClient.swift in Sources */ = {isa = PBXBuildFile; fileRef = 30524E0DD07A4CFB23211676 /* PositioningAPIClient.swift */; };
		E19722A0C022957CA5402DFD /* EnvironmentValues+Positioning.swift in Sources */ = {isa = PBXBuildFile; fileRef = EE916B23505F772D712C1AE9 /* EnvironmentValues+Positioning.swift */; };
		E3079AB0C0A5C7D6CFE7024C /* PositioningModeView.swift in Sources */ = {isa = PBXBuildFile; fileRef = 53D34C1CE5EBA2625E44E41E /* PositioningModeView.swift */; };
		9BA0F83212B052175A4E1C22 /* AnchorBroadcastView.swift in Sources */ = {isa = PBXBuildFile; fileRef = 8ACF7BDB6F15F7D0F094D106 /* AnchorBroadcastView.swift */; };
		1327A92D590CA2C39C651716 /* AnchorPositionEditor.swift in Sources */ = {isa = PBXBuildFile; fileRef = 5D4DB0E7E1E098ADBCD33DB5 /* AnchorPositionEditor.swift */; };
		98D038B747B66F5AF0D4AB36 /* ObserverView.swift in Sources */ = {isa = PBXBuildFile; fileRef = 1F68B0BE58278E431028CB5A /* ObserverView.swift */; };
/* End PBXBuildFile section */

/* Begin PBXContainerItemProxy section */
		7C2D054A51F6A5AA7CDC7A79 /* PBXContainerItemProxy */ = {
			isa = PBXContainerItemProxy;
			containerPortal = 0434C2343172699F9A0BD14C /* Project object */;
			proxyType = 1;
			remoteGlobalIDString = 6C4DA228F03A74F834C4AD32;
			remoteInfo = TrackerApp;
		};
/* End PBXContainerItemProxy section */

/* Begin PBXFileReference section */
		007ACF35B52B1DAF1B483383 /* TrackerApp.swift */ = {isa = PBXFileReference; lastKnownFileType = sourcecode.swift; path = TrackerApp.swift; sourceTree = "<group>"; };
		0F6526C0A9AD158D22944812 /* UWBManager.swift */ = {isa = PBXFileReference; lastKnownFileType = sourcecode.swift; path = UWBManager.swift; sourceTree = "<group>"; };
		1171D77DA3E0DED33FE0A2F6 /* TrackingView.swift */ = {isa = PBXFileReference; lastKnownFileType = sourcecode.swift; path = TrackingView.swift; sourceTree = "<group>"; };
		29645E441433F63E92FAE565 /* ConnectionManagerTests.swift */ = {isa = PBXFileReference; lastKnownFileType = sourcecode.swift; path = ConnectionManagerTests.swift; sourceTree = "<group>"; };
		31D552D97F4753A3F96F5770 /* DeviceIdentity.swift */ = {isa = PBXFileReference; lastKnownFileType = sourcecode.swift; path = DeviceIdentity.swift; sourceTree = "<group>"; };
		411E2F9BBDC2FE754A5587B6 /* TrackerApp.app */ = {isa = PBXFileReference; explicitFileType = wrapper.application; includeInIndex = 0; path = TrackerApp.app; sourceTree = BUILT_PRODUCTS_DIR; };
		4745D3EC46ABBA157BF1C69C /* MainView.swift */ = {isa = PBXFileReference; lastKnownFileType = sourcecode.swift; path = MainView.swift; sourceTree = "<group>"; };
		59E38C4F0E1737C09DBE87C1 /* DiscoveryTokenWrapper.swift */ = {isa = PBXFileReference; lastKnownFileType = sourcecode.swift; path = DiscoveryTokenWrapper.swift; sourceTree = "<group>"; };
		6A621D5CCFDB77CF560E1F50 /* Payload.swift */ = {isa = PBXFileReference; lastKnownFileType = sourcecode.swift; path = Payload.swift; sourceTree = "<group>"; };
		96E5C2F3E65B4D6AEEC79F15 /* RawMCTestView.swift */ = {isa = PBXFileReference; lastKnownFileType = sourcecode.swift; path = RawMCTestView.swift; sourceTree = "<group>"; };
		A8E68231E6157B14BF5B5D6A /* Info.plist */ = {isa = PBXFileReference; lastKnownFileType = text.plist; path = Info.plist; sourceTree = "<group>"; };
		B53C73EB817AF137202FE75A /* TrackerAppTests.xctest */ = {isa = PBXFileReference; includeInIndex = 0; lastKnownFileType = wrapper.cfbundle; path = TrackerAppTests.xctest; sourceTree = BUILT_PRODUCTS_DIR; };
		BCE42FB2DB90E207E24B73CC /* ConnectionManagerPayloadTests.swift */ = {isa = PBXFileReference; lastKnownFileType = sourcecode.swift; path = ConnectionManagerPayloadTests.swift; sourceTree = "<group>"; };
		BCE579A1D91B4344FD20A857 /* TrackerApp.entitlements */ = {isa = PBXFileReference; lastKnownFileType = text.plist.entitlements; path = TrackerApp.entitlements; sourceTree = "<group>"; };
		CA37743BC9774058BEF273F0 /* TrackerDevice.swift */ = {isa = PBXFileReference; lastKnownFileType = sourcecode.swift; path = TrackerDevice.swift; sourceTree = "<group>"; };
		E77342EA6EB0C97666B424D1 /* ConnectionManager.swift */ = {isa = PBXFileReference; lastKnownFileType = sourcecode.swift; path = ConnectionManager.swift; sourceTree = "<group>"; };
		E93860EA18C14D02A6C521D7 /* UWBManagerTests.swift */ = {isa = PBXFileReference; lastKnownFileType = sourcecode.swift; path = UWBManagerTests.swift; sourceTree = "<group>"; };
		F2065FD7029B01B37C60D033 /* RawMultipeerDiagnostic.swift */ = {isa = PBXFileReference; lastKnownFileType = sourcecode.swift; path = RawMultipeerDiagnostic.swift; sourceTree = "<group>"; };
		85D8714AA8208BDFF8E76F7D /* ConnectionManaging.swift */ = {isa = PBXFileReference; lastKnownFileType = sourcecode.swift; path = ConnectionManaging.swift; sourceTree = "<group>"; };
		F9D6B0D3E1D3BE3418C1E26F /* UWBManaging.swift */ = {isa = PBXFileReference; lastKnownFileType = sourcecode.swift; path = UWBManaging.swift; sourceTree = "<group>"; };
		FD5A1D50367633A63605ECD8 /* EnvironmentValues+Managers.swift */ = {isa = PBXFileReference; lastKnownFileType = sourcecode.swift; path = "EnvironmentValues+Managers.swift"; sourceTree = "<group>"; };
		122486DBAB88ED59DE4A0829 /* ARPositionTracking.swift */ = {isa = PBXFileReference; lastKnownFileType = sourcecode.swift; path = ARPositionTracking.swift; sourceTree = "<group>"; };
		3B3EFE2E6949FDBA478FBDD1 /* ARPositionTracker.swift */ = {isa = PBXFileReference; lastKnownFileType = sourcecode.swift; path = ARPositionTracker.swift; sourceTree = "<group>"; };
		2079EB22957462DC6A3E3F25 /* ARAnchorCaptureView.swift */ = {isa = PBXFileReference; lastKnownFileType = sourcecode.swift; path = ARAnchorCaptureView.swift; sourceTree = "<group>"; };
		FCDFDB3F7D214ACC4B101DDC /* PositioningPreviewFakes.swift */ = {isa = PBXFileReference; lastKnownFileType = sourcecode.swift; path = PositioningPreviewFakes.swift; sourceTree = "<group>"; };
		4DEDFB5BDC4430BECF9BFC41 /* SavedLocation.swift */ = {isa = PBXFileReference; lastKnownFileType = sourcecode.swift; path = SavedLocation.swift; sourceTree = "<group>"; };
		F14B29308C4CBD4720D76EEC /* SavedLocationStore.swift */ = {isa = PBXFileReference; lastKnownFileType = sourcecode.swift; path = SavedLocationStore.swift; sourceTree = "<group>"; };
		5326BC2A5756FCFBA7532F2E /* NavigateToLocationView.swift */ = {isa = PBXFileReference; lastKnownFileType = sourcecode.swift; path = NavigateToLocationView.swift; sourceTree = "<group>"; };
		EE947435DB967D7A19A6062E /* BeaconID.swift */ = {isa = PBXFileReference; lastKnownFileType = sourcecode.swift; path = BeaconID.swift; sourceTree = "<group>"; };
		DDA1B22DA45AF2B72C45EEEF /* PathLossModel.swift */ = {isa = PBXFileReference; lastKnownFileType = sourcecode.swift; path = PathLossModel.swift; sourceTree = "<group>"; };
		1045D8F6BB1EE6A27F5ECB6D /* Point2D.swift */ = {isa = PBXFileReference; lastKnownFileType = sourcecode.swift; path = Point2D.swift; sourceTree = "<group>"; };
		C222CDD60C63F5528CD5999D /* Anchor.swift */ = {isa = PBXFileReference; lastKnownFileType = sourcecode.swift; path = Anchor.swift; sourceTree = "<group>"; };
		090F8A62C92128CAA3092C81 /* Multilateration.swift */ = {isa = PBXFileReference; lastKnownFileType = sourcecode.swift; path = Multilateration.swift; sourceTree = "<group>"; };
		E10DEF21ACE2311185263682 /* BeaconSighting.swift */ = {isa = PBXFileReference; lastKnownFileType = sourcecode.swift; path = BeaconSighting.swift; sourceTree = "<group>"; };
		B135F9581691E1163D4A88F4 /* BeaconProtocol.swift */ = {isa = PBXFileReference; lastKnownFileType = sourcecode.swift; path = BeaconProtocol.swift; sourceTree = "<group>"; };
		ED3DE53F020F6CD8150D6B37 /* PositioningTests.swift */ = {isa = PBXFileReference; lastKnownFileType = sourcecode.swift; path = PositioningTests.swift; sourceTree = "<group>"; };
		0C83E489EA7DEACFEED2123B /* BeaconIDTests.swift */ = {isa = PBXFileReference; lastKnownFileType = sourcecode.swift; path = BeaconIDTests.swift; sourceTree = "<group>"; };
		2929275DA4EAFAAD2A3F74FE /* BeaconAdvertising.swift */ = {isa = PBXFileReference; lastKnownFileType = sourcecode.swift; path = BeaconAdvertising.swift; sourceTree = "<group>"; };
		40EC633C4FFBC5ECFFF455EC /* BeaconAdvertiser.swift */ = {isa = PBXFileReference; lastKnownFileType = sourcecode.swift; path = BeaconAdvertiser.swift; sourceTree = "<group>"; };
		B8E740EFEB6C510CB564D305 /* BeaconScanning.swift */ = {isa = PBXFileReference; lastKnownFileType = sourcecode.swift; path = BeaconScanning.swift; sourceTree = "<group>"; };
		73210D805147A7EFD959BA63 /* BeaconScanner.swift */ = {isa = PBXFileReference; lastKnownFileType = sourcecode.swift; path = BeaconScanner.swift; sourceTree = "<group>"; };
		1FD3CDEB0B5A211FF656A37F /* AnchorStore.swift */ = {isa = PBXFileReference; lastKnownFileType = sourcecode.swift; path = AnchorStore.swift; sourceTree = "<group>"; };
		0BFCCF757915E07BEC77C5E5 /* PositioningEngine.swift */ = {isa = PBXFileReference; lastKnownFileType = sourcecode.swift; path = PositioningEngine.swift; sourceTree = "<group>"; };
		57DA62D3129370861CA9F021 /* PositioningReporting.swift */ = {isa = PBXFileReference; lastKnownFileType = sourcecode.swift; path = PositioningReporting.swift; sourceTree = "<group>"; };
		30524E0DD07A4CFB23211676 /* PositioningAPIClient.swift */ = {isa = PBXFileReference; lastKnownFileType = sourcecode.swift; path = PositioningAPIClient.swift; sourceTree = "<group>"; };
		EE916B23505F772D712C1AE9 /* EnvironmentValues+Positioning.swift */ = {isa = PBXFileReference; lastKnownFileType = sourcecode.swift; path = "EnvironmentValues+Positioning.swift"; sourceTree = "<group>"; };
		53D34C1CE5EBA2625E44E41E /* PositioningModeView.swift */ = {isa = PBXFileReference; lastKnownFileType = sourcecode.swift; path = PositioningModeView.swift; sourceTree = "<group>"; };
		8ACF7BDB6F15F7D0F094D106 /* AnchorBroadcastView.swift */ = {isa = PBXFileReference; lastKnownFileType = sourcecode.swift; path = AnchorBroadcastView.swift; sourceTree = "<group>"; };
		5D4DB0E7E1E098ADBCD33DB5 /* AnchorPositionEditor.swift */ = {isa = PBXFileReference; lastKnownFileType = sourcecode.swift; path = AnchorPositionEditor.swift; sourceTree = "<group>"; };
		1F68B0BE58278E431028CB5A /* ObserverView.swift */ = {isa = PBXFileReference; lastKnownFileType = sourcecode.swift; path = ObserverView.swift; sourceTree = "<group>"; };
/* End PBXFileReference section */

/* Begin PBXGroup section */
		3C1AD65526BF3A6B77D3FEC0 /* Models */ = {
			isa = PBXGroup;
			children = (
				59E38C4F0E1737C09DBE87C1 /* DiscoveryTokenWrapper.swift */,
				6A621D5CCFDB77CF560E1F50 /* Payload.swift */,
				CA37743BC9774058BEF273F0 /* TrackerDevice.swift */,
			);
			name = Models;
			path = TrackerApp/Models;
			sourceTree = "<group>";
		};
		71422F97D858CF5B0DBFE414 /* UI */ = {
			isa = PBXGroup;
			children = (
				4745D3EC46ABBA157BF1C69C /* MainView.swift */,
				96E5C2F3E65B4D6AEEC79F15 /* RawMCTestView.swift */,
				1171D77DA3E0DED33FE0A2F6 /* TrackingView.swift */,
				018A445279B7EADC44EC606F /* Positioning */,
			);
			name = UI;
			path = TrackerApp/UI;
			sourceTree = "<group>";
		};
		018A445279B7EADC44EC606F /* Positioning */ = {
			isa = PBXGroup;
			children = (
				53D34C1CE5EBA2625E44E41E /* PositioningModeView.swift */,
				8ACF7BDB6F15F7D0F094D106 /* AnchorBroadcastView.swift */,
				5D4DB0E7E1E098ADBCD33DB5 /* AnchorPositionEditor.swift */,
				1F68B0BE58278E431028CB5A /* ObserverView.swift */,
				2079EB22957462DC6A3E3F25 /* ARAnchorCaptureView.swift */,
				5326BC2A5756FCFBA7532F2E /* NavigateToLocationView.swift */,
			);
			name = Positioning;
			path = Positioning;
			sourceTree = "<group>";
		};
		7639DB0570832929C6FC10EB = {
			isa = PBXGroup;
			children = (
				8C8B16221C101AAC6F4ECF5C /* App */,
				DB2AAD96100C858187A2A493 /* Core */,
				3C1AD65526BF3A6B77D3FEC0 /* Models */,
				FA2DB43453D6CA8233FB2B96 /* TrackerAppTests */,
				71422F97D858CF5B0DBFE414 /* UI */,
				84278FA176400D35B770A6E4 /* Products */,
			);
			sourceTree = "<group>";
		};
		84278FA176400D35B770A6E4 /* Products */ = {
			isa = PBXGroup;
			children = (
				411E2F9BBDC2FE754A5587B6 /* TrackerApp.app */,
				B53C73EB817AF137202FE75A /* TrackerAppTests.xctest */,
			);
			name = Products;
			sourceTree = "<group>";
		};
		8C8B16221C101AAC6F4ECF5C /* App */ = {
			isa = PBXGroup;
			children = (
				A8E68231E6157B14BF5B5D6A /* Info.plist */,
				BCE579A1D91B4344FD20A857 /* TrackerApp.entitlements */,
				007ACF35B52B1DAF1B483383 /* TrackerApp.swift */,
			);
			name = App;
			path = TrackerApp/App;
			sourceTree = "<group>";
		};
		DB2AAD96100C858187A2A493 /* Core */ = {
			isa = PBXGroup;
			children = (
				E77342EA6EB0C97666B424D1 /* ConnectionManager.swift */,
				85D8714AA8208BDFF8E76F7D /* ConnectionManaging.swift */,
				31D552D97F4753A3F96F5770 /* DeviceIdentity.swift */,
				F2065FD7029B01B37C60D033 /* RawMultipeerDiagnostic.swift */,
				0F6526C0A9AD158D22944812 /* UWBManager.swift */,
				F9D6B0D3E1D3BE3418C1E26F /* UWBManaging.swift */,
				FD5A1D50367633A63605ECD8 /* EnvironmentValues+Managers.swift */,
				EE916B23505F772D712C1AE9 /* EnvironmentValues+Positioning.swift */,
				E6CA03A91FB70DD07BE5320D /* Positioning */,
			);
			name = Core;
			path = TrackerApp/Core;
			sourceTree = "<group>";
		};
		E6CA03A91FB70DD07BE5320D /* Positioning */ = {
			isa = PBXGroup;
			children = (
				EE947435DB967D7A19A6062E /* BeaconID.swift */,
				B135F9581691E1163D4A88F4 /* BeaconProtocol.swift */,
				E10DEF21ACE2311185263682 /* BeaconSighting.swift */,
				DDA1B22DA45AF2B72C45EEEF /* PathLossModel.swift */,
				1045D8F6BB1EE6A27F5ECB6D /* Point2D.swift */,
				C222CDD60C63F5528CD5999D /* Anchor.swift */,
				090F8A62C92128CAA3092C81 /* Multilateration.swift */,
				2929275DA4EAFAAD2A3F74FE /* BeaconAdvertising.swift */,
				40EC633C4FFBC5ECFFF455EC /* BeaconAdvertiser.swift */,
				B8E740EFEB6C510CB564D305 /* BeaconScanning.swift */,
				73210D805147A7EFD959BA63 /* BeaconScanner.swift */,
				1FD3CDEB0B5A211FF656A37F /* AnchorStore.swift */,
				0BFCCF757915E07BEC77C5E5 /* PositioningEngine.swift */,
				57DA62D3129370861CA9F021 /* PositioningReporting.swift */,
				30524E0DD07A4CFB23211676 /* PositioningAPIClient.swift */,
				122486DBAB88ED59DE4A0829 /* ARPositionTracking.swift */,
				3B3EFE2E6949FDBA478FBDD1 /* ARPositionTracker.swift */,
				FCDFDB3F7D214ACC4B101DDC /* PositioningPreviewFakes.swift */,
				4DEDFB5BDC4430BECF9BFC41 /* SavedLocation.swift */,
				F14B29308C4CBD4720D76EEC /* SavedLocationStore.swift */,
			);
			name = Positioning;
			path = Positioning;
			sourceTree = "<group>";
		};
		FA2DB43453D6CA8233FB2B96 /* TrackerAppTests */ = {
			isa = PBXGroup;
			children = (
				BCE42FB2DB90E207E24B73CC /* ConnectionManagerPayloadTests.swift */,
				29645E441433F63E92FAE565 /* ConnectionManagerTests.swift */,
				E93860EA18C14D02A6C521D7 /* UWBManagerTests.swift */,
				ED3DE53F020F6CD8150D6B37 /* PositioningTests.swift */,
				0C83E489EA7DEACFEED2123B /* BeaconIDTests.swift */,
			);
			name = TrackerAppTests;
			path = TrackerApp/Tests/TrackerAppTests;
			sourceTree = "<group>";
		};
/* End PBXGroup section */

/* Begin PBXNativeTarget section */
		6C4DA228F03A74F834C4AD32 /* TrackerApp */ = {
			isa = PBXNativeTarget;
			buildConfigurationList = 15E7BC25D7A11FD0B7D14801 /* Build configuration list for PBXNativeTarget "TrackerApp" */;
			buildPhases = (
				5F2BD52BAAAE2B7923A32AAD /* Sources */,
			);
			buildRules = (
			);
			dependencies = (
			);
			name = TrackerApp;
			packageProductDependencies = (
			);
			productName = TrackerApp;
			productReference = 411E2F9BBDC2FE754A5587B6 /* TrackerApp.app */;
			productType = "com.apple.product-type.application";
		};
		887ECF65608AF0853502DE9C /* TrackerAppTests */ = {
			isa = PBXNativeTarget;
			buildConfigurationList = 115773F50BAC8A0F98231CB3 /* Build configuration list for PBXNativeTarget "TrackerAppTests" */;
			buildPhases = (
				C26C0F16524A7A37E7F2A335 /* Sources */,
			);
			buildRules = (
			);
			dependencies = (
				BD51D39A9481CDE9F1884DB2 /* PBXTargetDependency */,
			);
			name = TrackerAppTests;
			packageProductDependencies = (
			);
			productName = TrackerAppTests;
			productReference = B53C73EB817AF137202FE75A /* TrackerAppTests.xctest */;
			productType = "com.apple.product-type.bundle.unit-test";
		};
/* End PBXNativeTarget section */

/* Begin PBXProject section */
		0434C2343172699F9A0BD14C /* Project object */ = {
			isa = PBXProject;
			attributes = {
				BuildIndependentTargetsInParallel = YES;
				LastUpgradeCheck = 1420;
			};
			buildConfigurationList = 70C72A80AAF8B52B90E8111A /* Build configuration list for PBXProject "TrackerApp" */;
			developmentRegion = en;
			hasScannedForEncodings = 0;
			knownRegions = (
				Base,
				en,
			);
			mainGroup = 7639DB0570832929C6FC10EB;
			minimizedProjectReferenceProxies = 1;
			productRefGroup = 84278FA176400D35B770A6E4 /* Products */;
			projectDirPath = "";
			projectRoot = "";
			targets = (
				6C4DA228F03A74F834C4AD32 /* TrackerApp */,
				887ECF65608AF0853502DE9C /* TrackerAppTests */,
			);
		};
/* End PBXProject section */

/* Begin PBXSourcesBuildPhase section */
		5F2BD52BAAAE2B7923A32AAD /* Sources */ = {
			isa = PBXSourcesBuildPhase;
			buildActionMask = 2147483647;
			files = (
				95CE62A17F3E4B033C6EDD36 /* ConnectionManager.swift in Sources */,
				9A0C4D1853B43EC7689E732E /* DeviceIdentity.swift in Sources */,
				14C222606254B7E3B06CE06C /* DiscoveryTokenWrapper.swift in Sources */,
				E27E7E00BA768615DE9E5492 /* MainView.swift in Sources */,
				D0EA24DF386489380DA0DA13 /* Payload.swift in Sources */,
				62DA4E4FDF25BD0D02FD5C70 /* RawMCTestView.swift in Sources */,
				045D00A9BBC54C5506E3136F /* RawMultipeerDiagnostic.swift in Sources */,
				6987DD866EB806D4F71A095F /* TrackerApp.swift in Sources */,
				3D4B28371B3B73CD4BB1F1B3 /* TrackerDevice.swift in Sources */,
				42B76B3270129794D129A31E /* TrackingView.swift in Sources */,
				5C1D4036A1A906BAB604258A /* UWBManager.swift in Sources */,
				EECF4A48C6BCC04184731523 /* ConnectionManaging.swift in Sources */,
				BFA2026567664E9B773989E2 /* UWBManaging.swift in Sources */,
				4CF1EDB1924A77191CB93BA3 /* EnvironmentValues+Managers.swift in Sources */,
				C2B55453D4F86C629529F51E /* BeaconID.swift in Sources */,
				F00798947673B6B10B9257B0 /* PathLossModel.swift in Sources */,
				BD4E3D742DB90E965CA24CB6 /* Point2D.swift in Sources */,
				466504E914688919D59FF79A /* Anchor.swift in Sources */,
				483F9B1D6BCBB715C663493F /* Multilateration.swift in Sources */,
				805E4EE5F93590FBA4A2E0E7 /* BeaconSighting.swift in Sources */,
				CC616D04F7CA16E5FCF204D5 /* BeaconProtocol.swift in Sources */,
				35478507556AAFD3BFAD0594 /* BeaconAdvertising.swift in Sources */,
				68AC6F72871FAA74F599010E /* BeaconAdvertiser.swift in Sources */,
				0592133BD9F543E105224D9A /* BeaconScanning.swift in Sources */,
				55EF7BD176FD2CA3F1B1AA08 /* BeaconScanner.swift in Sources */,
				F662DD02D49D978D56891744 /* AnchorStore.swift in Sources */,
				59F620F3D6256160983BCF86 /* PositioningEngine.swift in Sources */,
				775E98163F33433EE7BB2D83 /* PositioningReporting.swift in Sources */,
				8AB635B98CC4D2FA42543424 /* PositioningAPIClient.swift in Sources */,
				E19722A0C022957CA5402DFD /* EnvironmentValues+Positioning.swift in Sources */,
				E3079AB0C0A5C7D6CFE7024C /* PositioningModeView.swift in Sources */,
				9BA0F83212B052175A4E1C22 /* AnchorBroadcastView.swift in Sources */,
				1327A92D590CA2C39C651716 /* AnchorPositionEditor.swift in Sources */,
				98D038B747B66F5AF0D4AB36 /* ObserverView.swift in Sources */,
				0E3F16CE0D9FC2EDD09615DA /* ARPositionTracking.swift in Sources */,
				8DB7A5F2877ACC17A4F87514 /* ARPositionTracker.swift in Sources */,
				D73EF119E2EA6B08E72615D4 /* ARAnchorCaptureView.swift in Sources */,
				5C14A5BA2E49B77C0FAA6926 /* PositioningPreviewFakes.swift in Sources */,
				391106C8666F15394052AC69 /* SavedLocation.swift in Sources */,
				9FEF663F96FB0C326C07065C /* SavedLocationStore.swift in Sources */,
				2849F5ECE631236BBAD84856 /* NavigateToLocationView.swift in Sources */,
			);
			runOnlyForDeploymentPostprocessing = 0;
		};
		C26C0F16524A7A37E7F2A335 /* Sources */ = {
			isa = PBXSourcesBuildPhase;
			buildActionMask = 2147483647;
			files = (
				E67B7BA296F6696107B2E4C3 /* ConnectionManagerPayloadTests.swift in Sources */,
				04B39035907A2A0F5B4692A2 /* ConnectionManagerTests.swift in Sources */,
				782ADFAAA9875E62B74F803E /* UWBManagerTests.swift in Sources */,
				1483957E7DFE5989388F31FC /* PositioningTests.swift in Sources */,
				0732298A7528F79FF702A2A7 /* BeaconIDTests.swift in Sources */,
			);
			runOnlyForDeploymentPostprocessing = 0;
		};
/* End PBXSourcesBuildPhase section */

/* Begin PBXTargetDependency section */
		BD51D39A9481CDE9F1884DB2 /* PBXTargetDependency */ = {
			isa = PBXTargetDependency;
			target = 6C4DA228F03A74F834C4AD32 /* TrackerApp */;
			targetProxy = 7C2D054A51F6A5AA7CDC7A79 /* PBXContainerItemProxy */;
		};
/* End PBXTargetDependency section */

/* Begin XCBuildConfiguration section */
		2334F24CD0E3504ED0E14451 /* Debug */ = {
			isa = XCBuildConfiguration;
			buildSettings = {
				BUNDLE_LOADER = "$(TEST_HOST)";
				IPHONEOS_DEPLOYMENT_TARGET = 17.0;
				LD_RUNPATH_SEARCH_PATHS = (
					"$(inherited)",
					"@executable_path/Frameworks",
					"@loader_path/Frameworks",
				);
				PRODUCT_BUNDLE_IDENTIFIER = com.airtagclone.TrackerAppTests;
				SDKROOT = iphoneos;
				SWIFT_VERSION = 5.0;
				TARGETED_DEVICE_FAMILY = "1,2";
				TEST_HOST = "$(BUILT_PRODUCTS_DIR)/TrackerApp.app/TrackerApp";
			};
			name = Debug;
		};
		71A346D97EADD87B190D7480 /* Debug */ = {
			isa = XCBuildConfiguration;
			buildSettings = {
				ALWAYS_SEARCH_USER_PATHS = NO;
				CLANG_ANALYZER_NONNULL = YES;
				CLANG_ANALYZER_NUMBER_OBJECT_CONVERSION = YES_AGGRESSIVE;
				CLANG_CXX_LANGUAGE_STANDARD = "gnu++14";
				CLANG_CXX_LIBRARY = "libc++";
				CLANG_ENABLE_MODULES = YES;
				CLANG_ENABLE_OBJC_ARC = YES;
				CLANG_ENABLE_OBJC_WEAK = YES;
				CLANG_WARN_BLOCK_CAPTURE_AUTORELEASING = YES;
				CLANG_WARN_BOOL_CONVERSION = YES;
				CLANG_WARN_COMMA = YES;
				CLANG_WARN_CONSTANT_CONVERSION = YES;
				CLANG_WARN_DEPRECATED_OBJC_IMPLEMENTATIONS = YES;
				CLANG_WARN_DIRECT_OBJC_ISA_USAGE = YES_ERROR;
				CLANG_WARN_DOCUMENTATION_COMMENTS = YES;
				CLANG_WARN_EMPTY_BODY = YES;
				CLANG_WARN_ENUM_CONVERSION = YES;
				CLANG_WARN_INFINITE_RECURSION = YES;
				CLANG_WARN_INT_CONVERSION = YES;
				CLANG_WARN_NON_LITERAL_NULL_CONVERSION = YES;
				CLANG_WARN_OBJC_IMPLICIT_RETAIN_SELF = YES;
				CLANG_WARN_OBJC_LITERAL_CONVERSION = YES;
				CLANG_WARN_OBJC_ROOT_CLASS = YES_ERROR;
				CLANG_WARN_QUOTED_INCLUDE_IN_FRAMEWORK_HEADER = YES;
				CLANG_WARN_RANGE_LOOP_ANALYSIS = YES;
				CLANG_WARN_STRICT_PROTOTYPES = YES;
				CLANG_WARN_SUSPICIOUS_MOVE = YES;
				CLANG_WARN_UNGUARDED_AVAILABILITY = YES_AGGRESSIVE;
				CLANG_WARN_UNREACHABLE_CODE = YES;
				CLANG_WARN__DUPLICATE_METHOD_MATCH = YES;
				COPY_PHASE_STRIP = NO;
				DEBUG_INFORMATION_FORMAT = dwarf;
				ENABLE_STRICT_OBJC_MSGSEND = YES;
				ENABLE_TESTABILITY = YES;
				GCC_C_LANGUAGE_STANDARD = gnu11;
				GCC_DYNAMIC_NO_PIC = NO;
				GCC_NO_COMMON_BLOCKS = YES;
				GCC_OPTIMIZATION_LEVEL = 0;
				GCC_PREPROCESSOR_DEFINITIONS = (
					"$(inherited)",
					"DEBUG=1",
				);
				GCC_WARN_64_TO_32_BIT_CONVERSION = YES;
				GCC_WARN_ABOUT_RETURN_TYPE = YES_ERROR;
				GCC_WARN_UNDECLARED_SELECTOR = YES;
				GCC_WARN_UNINITIALIZED_AUTOS = YES_AGGRESSIVE;
				GCC_WARN_UNUSED_FUNCTION = YES;
				GCC_WARN_UNUSED_VARIABLE = YES;
				IPHONEOS_DEPLOYMENT_TARGET = 17.0;
				MTL_ENABLE_DEBUG_INFO = INCLUDE_SOURCE;
				MTL_FAST_MATH = YES;
				ONLY_ACTIVE_ARCH = YES;
				PRODUCT_NAME = "$(TARGET_NAME)";
				SDKROOT = iphoneos;
				SWIFT_ACTIVE_COMPILATION_CONDITIONS = DEBUG;
				SWIFT_OPTIMIZATION_LEVEL = "-Onone";
				SWIFT_VERSION = 5.0;
			};
			name = Debug;
		};
		7CFECA9AA2AEAA8A42CA7A1D /* Debug */ = {
			isa = XCBuildConfiguration;
			buildSettings = {
				ASSETCATALOG_COMPILER_APPICON_NAME = AppIcon;
				CODE_SIGN_ENTITLEMENTS = TrackerApp/App/TrackerApp.entitlements;
				CODE_SIGN_IDENTITY = "iPhone Developer";
				DEVELOPMENT_TEAM = RTYX4AYCN3;
				INFOPLIST_FILE = TrackerApp/App/Info.plist;
				IPHONEOS_DEPLOYMENT_TARGET = 17.0;
				LD_RUNPATH_SEARCH_PATHS = (
					"$(inherited)",
					"@executable_path/Frameworks",
				);
				PRODUCT_BUNDLE_IDENTIFIER = com.airtagclone.TrackerApp;
				SDKROOT = iphoneos;
				SWIFT_STRICT_CONCURRENCY = complete;
				SWIFT_VERSION = 5.0;
				TARGETED_DEVICE_FAMILY = 1;
			};
			name = Debug;
		};
		8F63E5AFD7766514B630A85F /* Release */ = {
			isa = XCBuildConfiguration;
			buildSettings = {
				ALWAYS_SEARCH_USER_PATHS = NO;
				CLANG_ANALYZER_NONNULL = YES;
				CLANG_ANALYZER_NUMBER_OBJECT_CONVERSION = YES_AGGRESSIVE;
				CLANG_CXX_LANGUAGE_STANDARD = "gnu++14";
				CLANG_CXX_LIBRARY = "libc++";
				CLANG_ENABLE_MODULES = YES;
				CLANG_ENABLE_OBJC_ARC = YES;
				CLANG_ENABLE_OBJC_WEAK = YES;
				CLANG_WARN_BLOCK_CAPTURE_AUTORELEASING = YES;
				CLANG_WARN_BOOL_CONVERSION = YES;
				CLANG_WARN_COMMA = YES;
				CLANG_WARN_CONSTANT_CONVERSION = YES;
				CLANG_WARN_DEPRECATED_OBJC_IMPLEMENTATIONS = YES;
				CLANG_WARN_DIRECT_OBJC_ISA_USAGE = YES_ERROR;
				CLANG_WARN_DOCUMENTATION_COMMENTS = YES;
				CLANG_WARN_EMPTY_BODY = YES;
				CLANG_WARN_ENUM_CONVERSION = YES;
				CLANG_WARN_INFINITE_RECURSION = YES;
				CLANG_WARN_INT_CONVERSION = YES;
				CLANG_WARN_NON_LITERAL_NULL_CONVERSION = YES;
				CLANG_WARN_OBJC_IMPLICIT_RETAIN_SELF = YES;
				CLANG_WARN_OBJC_LITERAL_CONVERSION = YES;
				CLANG_WARN_OBJC_ROOT_CLASS = YES_ERROR;
				CLANG_WARN_QUOTED_INCLUDE_IN_FRAMEWORK_HEADER = YES;
				CLANG_WARN_RANGE_LOOP_ANALYSIS = YES;
				CLANG_WARN_STRICT_PROTOTYPES = YES;
				CLANG_WARN_SUSPICIOUS_MOVE = YES;
				CLANG_WARN_UNGUARDED_AVAILABILITY = YES_AGGRESSIVE;
				CLANG_WARN_UNREACHABLE_CODE = YES;
				CLANG_WARN__DUPLICATE_METHOD_MATCH = YES;
				COPY_PHASE_STRIP = NO;
				DEBUG_INFORMATION_FORMAT = "dwarf-with-dsym";
				ENABLE_NS_ASSERTIONS = NO;
				ENABLE_STRICT_OBJC_MSGSEND = YES;
				GCC_C_LANGUAGE_STANDARD = gnu11;
				GCC_NO_COMMON_BLOCKS = YES;
				GCC_WARN_64_TO_32_BIT_CONVERSION = YES;
				GCC_WARN_ABOUT_RETURN_TYPE = YES_ERROR;
				GCC_WARN_UNDECLARED_SELECTOR = YES;
				GCC_WARN_UNINITIALIZED_AUTOS = YES_AGGRESSIVE;
				GCC_WARN_UNUSED_FUNCTION = YES;
				GCC_WARN_UNUSED_VARIABLE = YES;
				IPHONEOS_DEPLOYMENT_TARGET = 17.0;
				MTL_ENABLE_DEBUG_INFO = NO;
				MTL_FAST_MATH = YES;
				PRODUCT_NAME = "$(TARGET_NAME)";
				SDKROOT = iphoneos;
				SWIFT_COMPILATION_MODE = wholemodule;
				SWIFT_OPTIMIZATION_LEVEL = "-O";
				SWIFT_VERSION = 5.0;
			};
			name = Release;
		};
		B2A36FE9830CFC70AED2A811 /* Release */ = {
			isa = XCBuildConfiguration;
			buildSettings = {
				BUNDLE_LOADER = "$(TEST_HOST)";
				IPHONEOS_DEPLOYMENT_TARGET = 17.0;
				LD_RUNPATH_SEARCH_PATHS = (
					"$(inherited)",
					"@executable_path/Frameworks",
					"@loader_path/Frameworks",
				);
				PRODUCT_BUNDLE_IDENTIFIER = com.airtagclone.TrackerAppTests;
				SDKROOT = iphoneos;
				SWIFT_VERSION = 5.0;
				TARGETED_DEVICE_FAMILY = "1,2";
				TEST_HOST = "$(BUILT_PRODUCTS_DIR)/TrackerApp.app/TrackerApp";
			};
			name = Release;
		};
		D7394BAFD3EA6AED489D8180 /* Release */ = {
			isa = XCBuildConfiguration;
			buildSettings = {
				ASSETCATALOG_COMPILER_APPICON_NAME = AppIcon;
				CODE_SIGN_ENTITLEMENTS = TrackerApp/App/TrackerApp.entitlements;
				CODE_SIGN_IDENTITY = "iPhone Developer";
				DEVELOPMENT_TEAM = RTYX4AYCN3;
				INFOPLIST_FILE = TrackerApp/App/Info.plist;
				IPHONEOS_DEPLOYMENT_TARGET = 17.0;
				LD_RUNPATH_SEARCH_PATHS = (
					"$(inherited)",
					"@executable_path/Frameworks",
				);
				PRODUCT_BUNDLE_IDENTIFIER = com.airtagclone.TrackerApp;
				SDKROOT = iphoneos;
				SWIFT_STRICT_CONCURRENCY = complete;
				SWIFT_VERSION = 5.0;
				TARGETED_DEVICE_FAMILY = 1;
			};
			name = Release;
		};
/* End XCBuildConfiguration section */

/* Begin XCConfigurationList section */
		115773F50BAC8A0F98231CB3 /* Build configuration list for PBXNativeTarget "TrackerAppTests" */ = {
			isa = XCConfigurationList;
			buildConfigurations = (
				2334F24CD0E3504ED0E14451 /* Debug */,
				B2A36FE9830CFC70AED2A811 /* Release */,
			);
			defaultConfigurationIsVisible = 0;
			defaultConfigurationName = Debug;
		};
		15E7BC25D7A11FD0B7D14801 /* Build configuration list for PBXNativeTarget "TrackerApp" */ = {
			isa = XCConfigurationList;
			buildConfigurations = (
				7CFECA9AA2AEAA8A42CA7A1D /* Debug */,
				D7394BAFD3EA6AED489D8180 /* Release */,
			);
			defaultConfigurationIsVisible = 0;
			defaultConfigurationName = Debug;
		};
		70C72A80AAF8B52B90E8111A /* Build configuration list for PBXProject "TrackerApp" */ = {
			isa = XCConfigurationList;
			buildConfigurations = (
				71A346D97EADD87B190D7480 /* Debug */,
				8F63E5AFD7766514B630A85F /* Release */,
			);
			defaultConfigurationIsVisible = 0;
			defaultConfigurationName = Debug;
		};
/* End XCConfigurationList section */
	};
	rootObject = 0434C2343172699F9A0BD14C /* Project object */;
}
